
Microsoft Visual Studio Solution File, Format Version 11.00
# Visual Studio 2010
Project("{FAE04EC0-301F-11D3-BF4B-00C04F79EFBC}") = "MediaPlayer", "MediaPlayer\MediaPlayer.csproj", "{5C824F7B-18B0-4931-8566-E2966F432F83}"
EndProject
Global
	GlobalSection(SolutionConfigurationPlatforms) = preSolution
		Debug|x86 = Debug|x86
		Release|x86 = Release|x86
	EndGlobalSection
	GlobalSection(ProjectConfigurationPlatforms) = postSolution
		{5C824F7B-18B0-4931-8566-E2966F432F83}.Debug|x86.ActiveCfg = Debug|x86
		{5C824F7B-18B0-4931-8566-E2966F432F83}.Debug|x86.Build.0 = Debug|x86
		{5C824F7B-18B0-4931-8566-E2966F432F83}.Release|x86.ActiveCfg = Release|x86
		{5C824F7B-18B0-4931-8566-E2966F432F83}.Release|x86.Build.0 = Release|x86
	EndGlobalSection
	GlobalSection(SolutionProperties) = preSolution
		HideSolutionNode = FALSE
	EndGlobalSection
EndGlobal
